
Microsoft Visual Studio Solution File, Format Version 12.00
# Visual Studio 15
VisualStudioVersion = 15.0.26430.13
MinimumVisualStudioVersion = 10.0.40219.1
Project("{8BC9CEB8-8B4A-11D0-8D11-00A0C91BC942}") = "Shaderator", "Shaderator\Shaderator.vcxproj", "{979D44BD-659C-4CF5-A974-51121BB3D14F}"
EndProject
Project("{2150E333-8FDC-42A3-9474-1A3956D46DE8}") = "examples", "examples", "{9EF43AE3-914C-4137-9E5C-5E8F25EE95B1}"
EndProject
Project("{2150E333-8FDC-42A3-9474-1A3956D46DE8}") = "external", "external", "{E283841D-901F-4818-BBDD-9D8D131CA87F}"
EndProject
Project("{2150E333-8FDC-42A3-9474-1A3956D46DE8}") = "gtest", "gtest", "{B9069897-A40C-44EF-B492-A4A57F02A66E}"
	ProjectSection(SolutionItems) = preProject
		external\gtest\gtest-death-test.h = external\gtest\gtest-death-test.h
		external\gtest\gtest-message.h = external\gtest\gtest-message.h
		external\gtest\gtest-param-test.h = external\gtest\gtest-param-test.h
		external\gtest\gtest-param-test.h.pump = external\gtest\gtest-param-test.h.pump
		external\gtest\gtest-printers.h = external\gtest\gtest-printers.h
		external\gtest\gtest-spi.h = external\gtest\gtest-spi.h
		external\gtest\gtest-test-part.h = external\gtest\gtest-test-part.h
		external\gtest\gtest-typed-test.h = external\gtest\gtest-typed-test.h
		external\gtest\gtest.h = external\gtest\gtest.h
		external\gtest\gtest_pred_impl.h = external\gtest\gtest_pred_impl.h
		external\gtest\gtest_prod.h = external\gtest\gtest_prod.h
	EndProjectSection
EndProject
Project("{2150E333-8FDC-42A3-9474-1A3956D46DE8}") = "internal", "internal", "{2ED28B74-D728-4617-9D13-D3282AC05E1D}"
	ProjectSection(SolutionItems) = preProject
		external\gtest\internal\gtest-death-test-internal.h = external\gtest\internal\gtest-death-test-internal.h
		external\gtest\internal\gtest-filepath.h = external\gtest\internal\gtest-filepath.h
		external\gtest\internal\gtest-internal.h = external\gtest\internal\gtest-internal.h
		external\gtest\internal\gtest-linked_ptr.h = external\gtest\internal\gtest-linked_ptr.h
		external\gtest\internal\gtest-param-util-generated.h = external\gtest\internal\gtest-param-util-generated.h
		external\gtest\internal\gtest-param-util-generated.h.pump = external\gtest\internal\gtest-param-util-generated.h.pump
		external\gtest\internal\gtest-param-util.h = external\gtest\internal\gtest-param-util.h
		external\gtest\internal\gtest-port-arch.h = external\gtest\internal\gtest-port-arch.h
		external\gtest\internal\gtest-port.h = external\gtest\internal\gtest-port.h
		external\gtest\internal\gtest-string.h = external\gtest\internal\gtest-string.h
		external\gtest\internal\gtest-tuple.h = external\gtest\internal\gtest-tuple.h
		external\gtest\internal\gtest-tuple.h.pump = external\gtest\internal\gtest-tuple.h.pump
		external\gtest\internal\gtest-type-util.h = external\gtest\internal\gtest-type-util.h
		external\gtest\internal\gtest-type-util.h.pump = external\gtest\internal\gtest-type-util.h.pump
	EndProjectSection
EndProject
Project("{2150E333-8FDC-42A3-9474-1A3956D46DE8}") = "custom", "custom", "{7F199E13-EB62-4E49-B645-9C7B27A353A2}"
	ProjectSection(SolutionItems) = preProject
		external\gtest\internal\custom\gtest-port.h = external\gtest\internal\custom\gtest-port.h
		external\gtest\internal\custom\gtest-printers.h = external\gtest\internal\custom\gtest-printers.h
		external\gtest\internal\custom\gtest.h = external\gtest\internal\custom\gtest.h
	EndProjectSection
EndProject
Project("{2150E333-8FDC-42A3-9474-1A3956D46DE8}") = "glm", "glm", "{1B60DFE3-551E-4804-A683-2151D125006B}"
EndProject
Project("{8BC9CEB8-8B4A-11D0-8D11-00A0C91BC942}") = "BasicCompute11", "examples\BasicCompute11\BasicCompute11_2017_Win10.vcxproj", "{D3D1110D-96D0-4629-88B8-122C0256058C}"
EndProject
Project("{8BC9CEB8-8B4A-11D0-8D11-00A0C91BC942}") = "BitonicSort", "examples\BitonicSort\BitonicSort.vcxproj", "{D3D1110B-96D0-4629-88B8-122C0256058C}"
EndProject
Project("{8BC9CEB8-8B4A-11D0-8D11-00A0C91BC942}") = "GlslShadersTests", "examples\GlslShadersTests\GlslShadersTests.vcxproj", "{F539FF19-C75A-40BE-B2F9-830095BE6104}"
EndProject
Project("{8BC9CEB8-8B4A-11D0-8D11-00A0C91BC942}") = "BasicComputeTests", "examples\BasicComputeTests\BasicComputeTests.vcxproj", "{1D679AC0-846C-4161-85C6-D1CEAD4C2A59}"
EndProject
Project("{8BC9CEB8-8B4A-11D0-8D11-00A0C91BC942}") = "BitonicSortTests", "examples\BitonicSortTests\BitonicSortTests.vcxproj", "{E530C46A-AD2F-4DE2-A300-880665D8724A}"
EndProject
Project("{8BC9CEB8-8B4A-11D0-8D11-00A0C91BC942}") = "ShaderatorTests", "ShaderatorTests\ShaderatorTests.vcxproj", "{6424E631-6E6D-44B8-8D38-0B6160CD3B11}"
EndProject
Project("{2150E333-8FDC-42A3-9474-1A3956D46DE8}") = "OpenCL", "OpenCL", "{710E122E-24E1-4923-B969-2545D98B671A}"
EndProject
Project("{8BC9CEB8-8B4A-11D0-8D11-00A0C91BC942}") = "HelloOpenCLWorld", "examples\OpenCL\HelloOpenCLWorld\HelloOpenCLWorld.vcxproj", "{8AF1FE74-19BE-49B8-834A-8E184742DA0F}"
EndProject
Project("{8BC9CEB8-8B4A-11D0-8D11-00A0C91BC942}") = "IntelBitonicSortTests", "examples\OpenCL\IntelBitonicSortTests\IntelBitonicSortTests.vcxproj", "{2F3B1EE9-08E8-480F-8AC0-42C20D210B14}"
EndProject
Project("{8BC9CEB8-8B4A-11D0-8D11-00A0C91BC942}") = "IntelBitonicSort", "examples\OpenCL\IntelBitonicSort\BitonicSort\IntelBitonicSort.vcxproj", "{491090C7-B1A0-45FC-B070-7DF630E81810}"
EndProject
Global
	GlobalSection(SolutionConfigurationPlatforms) = preSolution
		Debug|x64 = Debug|x64
		Debug|x86 = Debug|x86
		Profile|x64 = Profile|x64
		Profile|x86 = Profile|x86
		Release|x64 = Release|x64
		Release|x86 = Release|x86
	EndGlobalSection
	GlobalSection(ProjectConfigurationPlatforms) = postSolution
		{979D44BD-659C-4CF5-A974-51121BB3D14F}.Debug|x64.ActiveCfg = Debug|x64
		{979D44BD-659C-4CF5-A974-51121BB3D14F}.Debug|x64.Build.0 = Debug|x64
		{979D44BD-659C-4CF5-A974-51121BB3D14F}.Debug|x86.ActiveCfg = Debug|Win32
		{979D44BD-659C-4CF5-A974-51121BB3D14F}.Debug|x86.Build.0 = Debug|Win32
		{979D44BD-659C-4CF5-A974-51121BB3D14F}.Profile|x64.ActiveCfg = Release|x64
		{979D44BD-659C-4CF5-A974-51121BB3D14F}.Profile|x64.Build.0 = Release|x64
		{979D44BD-659C-4CF5-A974-51121BB3D14F}.Profile|x86.ActiveCfg = Release|Win32
		{979D44BD-659C-4CF5-A974-51121BB3D14F}.Profile|x86.Build.0 = Release|Win32
		{979D44BD-659C-4CF5-A974-51121BB3D14F}.Release|x64.ActiveCfg = Release|x64
		{979D44BD-659C-4CF5-A974-51121BB3D14F}.Release|x64.Build.0 = Release|x64
		{979D44BD-659C-4CF5-A974-51121BB3D14F}.Release|x86.ActiveCfg = Release|Win32
		{979D44BD-659C-4CF5-A974-51121BB3D14F}.Release|x86.Build.0 = Release|Win32
		{D3D1110D-96D0-4629-88B8-122C0256058C}.Debug|x64.ActiveCfg = Debug|x64
		{D3D1110D-96D0-4629-88B8-122C0256058C}.Debug|x64.Build.0 = Debug|x64
		{D3D1110D-96D0-4629-88B8-122C0256058C}.Debug|x86.ActiveCfg = Debug|Win32
		{D3D1110D-96D0-4629-88B8-122C0256058C}.Debug|x86.Build.0 = Debug|Win32
		{D3D1110D-96D0-4629-88B8-122C0256058C}.Profile|x64.ActiveCfg = Profile|x64
		{D3D1110D-96D0-4629-88B8-122C0256058C}.Profile|x64.Build.0 = Profile|x64
		{D3D1110D-96D0-4629-88B8-122C0256058C}.Profile|x86.ActiveCfg = Profile|Win32
		{D3D1110D-96D0-4629-88B8-122C0256058C}.Profile|x86.Build.0 = Profile|Win32
		{D3D1110D-96D0-4629-88B8-122C0256058C}.Release|x64.ActiveCfg = Release|x64
		{D3D1110D-96D0-4629-88B8-122C0256058C}.Release|x64.Build.0 = Release|x64
		{D3D1110D-96D0-4629-88B8-122C0256058C}.Release|x86.ActiveCfg = Release|Win32
		{D3D1110D-96D0-4629-88B8-122C0256058C}.Release|x86.Build.0 = Release|Win32
		{D3D1110B-96D0-4629-88B8-122C0256058C}.Debug|x64.ActiveCfg = Debug|x64
		{D3D1110B-96D0-4629-88B8-122C0256058C}.Debug|x64.Build.0 = Debug|x64
		{D3D1110B-96D0-4629-88B8-122C0256058C}.Debug|x86.ActiveCfg = Debug|Win32
		{D3D1110B-96D0-4629-88B8-122C0256058C}.Debug|x86.Build.0 = Debug|Win32
		{D3D1110B-96D0-4629-88B8-122C0256058C}.Profile|x64.ActiveCfg = Profile|x64
		{D3D1110B-96D0-4629-88B8-122C0256058C}.Profile|x64.Build.0 = Profile|x64
		{D3D1110B-96D0-4629-88B8-122C0256058C}.Profile|x86.ActiveCfg = Profile|Win32
		{D3D1110B-96D0-4629-88B8-122C0256058C}.Profile|x86.Build.0 = Profile|Win32
		{D3D1110B-96D0-4629-88B8-122C0256058C}.Release|x64.ActiveCfg = Release|x64
		{D3D1110B-96D0-4629-88B8-122C0256058C}.Release|x64.Build.0 = Release|x64
		{D3D1110B-96D0-4629-88B8-122C0256058C}.Release|x86.ActiveCfg = Release|Win32
		{D3D1110B-96D0-4629-88B8-122C0256058C}.Release|x86.Build.0 = Release|Win32
		{F539FF19-C75A-40BE-B2F9-830095BE6104}.Debug|x64.ActiveCfg = Debug|x64
		{F539FF19-C75A-40BE-B2F9-830095BE6104}.Debug|x64.Build.0 = Debug|x64
		{F539FF19-C75A-40BE-B2F9-830095BE6104}.Debug|x86.ActiveCfg = Debug|Win32
		{F539FF19-C75A-40BE-B2F9-830095BE6104}.Debug|x86.Build.0 = Debug|Win32
		{F539FF19-C75A-40BE-B2F9-830095BE6104}.Profile|x64.ActiveCfg = Release|x64
		{F539FF19-C75A-40BE-B2F9-830095BE6104}.Profile|x64.Build.0 = Release|x64
		{F539FF19-C75A-40BE-B2F9-830095BE6104}.Profile|x86.ActiveCfg = Release|Win32
		{F539FF19-C75A-40BE-B2F9-830095BE6104}.Profile|x86.Build.0 = Release|Win32
		{F539FF19-C75A-40BE-B2F9-830095BE6104}.Release|x64.ActiveCfg = Release|x64
		{F539FF19-C75A-40BE-B2F9-830095BE6104}.Release|x64.Build.0 = Release|x64
		{F539FF19-C75A-40BE-B2F9-830095BE6104}.Release|x86.ActiveCfg = Release|Win32
		{F539FF19-C75A-40BE-B2F9-830095BE6104}.Release|x86.Build.0 = Release|Win32
		{1D679AC0-846C-4161-85C6-D1CEAD4C2A59}.Debug|x64.ActiveCfg = Debug|x64
		{1D679AC0-846C-4161-85C6-D1CEAD4C2A59}.Debug|x64.Build.0 = Debug|x64
		{1D679AC0-846C-4161-85C6-D1CEAD4C2A59}.Debug|x86.ActiveCfg = Debug|Win32
		{1D679AC0-846C-4161-85C6-D1CEAD4C2A59}.Debug|x86.Build.0 = Debug|Win32
		{1D679AC0-846C-4161-85C6-D1CEAD4C2A59}.Profile|x64.ActiveCfg = Release|x64
		{1D679AC0-846C-4161-85C6-D1CEAD4C2A59}.Profile|x64.Build.0 = Release|x64
		{1D679AC0-846C-4161-85C6-D1CEAD4C2A59}.Profile|x86.ActiveCfg = Release|Win32
		{1D679AC0-846C-4161-85C6-D1CEAD4C2A59}.Profile|x86.Build.0 = Release|Win32
		{1D679AC0-846C-4161-85C6-D1CEAD4C2A59}.Release|x64.ActiveCfg = Release|x64
		{1D679AC0-846C-4161-85C6-D1CEAD4C2A59}.Release|x64.Build.0 = Release|x64
		{1D679AC0-846C-4161-85C6-D1CEAD4C2A59}.Release|x86.ActiveCfg = Release|Win32
		{1D679AC0-846C-4161-85C6-D1CEAD4C2A59}.Release|x86.Build.0 = Release|Win32
		{E530C46A-AD2F-4DE2-A300-880665D8724A}.Debug|x64.ActiveCfg = Debug|x64
		{E530C46A-AD2F-4DE2-A300-880665D8724A}.Debug|x64.Build.0 = Debug|x64
		{E530C46A-AD2F-4DE2-A300-880665D8724A}.Debug|x86.ActiveCfg = Debug|Win32
		{E530C46A-AD2F-4DE2-A300-880665D8724A}.Debug|x86.Build.0 = Debug|Win32
		{E530C46A-AD2F-4DE2-A300-880665D8724A}.Profile|x64.ActiveCfg = Release|x64
		{E530C46A-AD2F-4DE2-A300-880665D8724A}.Profile|x64.Build.0 = Release|x64
		{E530C46A-AD2F-4DE2-A300-880665D8724A}.Profile|x86.ActiveCfg = Release|Win32
		{E530C46A-AD2F-4DE2-A300-880665D8724A}.Profile|x86.Build.0 = Release|Win32
		{E530C46A-AD2F-4DE2-A300-880665D8724A}.Release|x64.ActiveCfg = Release|x64
		{E530C46A-AD2F-4DE2-A300-880665D8724A}.Release|x64.Build.0 = Release|x64
		{E530C46A-AD2F-4DE2-A300-880665D8724A}.Release|x86.ActiveCfg = Release|Win32
		{E530C46A-AD2F-4DE2-A300-880665D8724A}.Release|x86.Build.0 = Release|Win32
		{6424E631-6E6D-44B8-8D38-0B6160CD3B11}.Debug|x64.ActiveCfg = Debug|x64
		{6424E631-6E6D-44B8-8D38-0B6160CD3B11}.Debug|x64.Build.0 = Debug|x64
		{6424E631-6E6D-44B8-8D38-0B6160CD3B11}.Debug|x86.ActiveCfg = Debug|Win32
		{6424E631-6E6D-44B8-8D38-0B6160CD3B11}.Debug|x86.Build.0 = Debug|Win32
		{6424E631-6E6D-44B8-8D38-0B6160CD3B11}.Profile|x64.ActiveCfg = Release|x64
		{6424E631-6E6D-44B8-8D38-0B6160CD3B11}.Profile|x64.Build.0 = Release|x64
		{6424E631-6E6D-44B8-8D38-0B6160CD3B11}.Profile|x86.ActiveCfg = Release|Win32
		{6424E631-6E6D-44B8-8D38-0B6160CD3B11}.Profile|x86.Build.0 = Release|Win32
		{6424E631-6E6D-44B8-8D38-0B6160CD3B11}.Release|x64.ActiveCfg = Release|x64
		{6424E631-6E6D-44B8-8D38-0B6160CD3B11}.Release|x64.Build.0 = Release|x64
		{6424E631-6E6D-44B8-8D38-0B6160CD3B11}.Release|x86.ActiveCfg = Release|Win32
		{6424E631-6E6D-44B8-8D38-0B6160CD3B11}.Release|x86.Build.0 = Release|Win32
		{8AF1FE74-19BE-49B8-834A-8E184742DA0F}.Debug|x64.ActiveCfg = Debug|x64
		{8AF1FE74-19BE-49B8-834A-8E184742DA0F}.Debug|x64.Build.0 = Debug|x64
		{8AF1FE74-19BE-49B8-834A-8E184742DA0F}.Debug|x86.ActiveCfg = Debug|Win32
		{8AF1FE74-19BE-49B8-834A-8E184742DA0F}.Debug|x86.Build.0 = Debug|Win32
		{8AF1FE74-19BE-49B8-834A-8E184742DA0F}.Profile|x64.ActiveCfg = Release|x64
		{8AF1FE74-19BE-49B8-834A-8E184742DA0F}.Profile|x64.Build.0 = Release|x64
		{8AF1FE74-19BE-49B8-834A-8E184742DA0F}.Profile|x86.ActiveCfg = Release|Win32
		{8AF1FE74-19BE-49B8-834A-8E184742DA0F}.Profile|x86.Build.0 = Release|Win32
		{8AF1FE74-19BE-49B8-834A-8E184742DA0F}.Release|x64.ActiveCfg = Release|x64
		{8AF1FE74-19BE-49B8-834A-8E184742DA0F}.Release|x64.Build.0 = Release|x64
		{8AF1FE74-19BE-49B8-834A-8E184742DA0F}.Release|x86.ActiveCfg = Release|Win32
		{8AF1FE74-19BE-49B8-834A-8E184742DA0F}.Release|x86.Build.0 = Release|Win32
		{2F3B1EE9-08E8-480F-8AC0-42C20D210B14}.Debug|x64.ActiveCfg = Debug|x64
		{2F3B1EE9-08E8-480F-8AC0-42C20D210B14}.Debug|x64.Build.0 = Debug|x64
		{2F3B1EE9-08E8-480F-8AC0-42C20D210B14}.Debug|x86.ActiveCfg = Debug|Win32
		{2F3B1EE9-08E8-480F-8AC0-42C20D210B14}.Debug|x86.Build.0 = Debug|Win32
		{2F3B1EE9-08E8-480F-8AC0-42C20D210B14}.Profile|x64.ActiveCfg = Release|x64
		{2F3B1EE9-08E8-480F-8AC0-42C20D210B14}.Profile|x64.Build.0 = Release|x64
		{2F3B1EE9-08E8-480F-8AC0-42C20D210B14}.Profile|x86.ActiveCfg = Release|Win32
		{2F3B1EE9-08E8-480F-8AC0-42C20D210B14}.Profile|x86.Build.0 = Release|Win32
		{2F3B1EE9-08E8-480F-8AC0-42C20D210B14}.Release|x64.ActiveCfg = Release|x64
		{2F3B1EE9-08E8-480F-8AC0-42C20D210B14}.Release|x64.Build.0 = Release|x64
		{2F3B1EE9-08E8-480F-8AC0-42C20D210B14}.Release|x86.ActiveCfg = Release|Win32
		{2F3B1EE9-08E8-480F-8AC0-42C20D210B14}.Release|x86.Build.0 = Release|Win32
		{491090C7-B1A0-45FC-B070-7DF630E81810}.Debug|x64.ActiveCfg = Debug|x64
		{491090C7-B1A0-45FC-B070-7DF630E81810}.Debug|x64.Build.0 = Debug|x64
		{491090C7-B1A0-45FC-B070-7DF630E81810}.Debug|x86.ActiveCfg = Debug|Win32
		{491090C7-B1A0-45FC-B070-7DF630E81810}.Debug|x86.Build.0 = Debug|Win32
		{491090C7-B1A0-45FC-B070-7DF630E81810}.Profile|x64.ActiveCfg = Release|x64
		{491090C7-B1A0-45FC-B070-7DF630E81810}.Profile|x64.Build.0 = Release|x64
		{491090C7-B1A0-45FC-B070-7DF630E81810}.Profile|x86.ActiveCfg = Release|Win32
		{491090C7-B1A0-45FC-B070-7DF630E81810}.Profile|x86.Build.0 = Release|Win32
		{491090C7-B1A0-45FC-B070-7DF630E81810}.Release|x64.ActiveCfg = Release|x64
		{491090C7-B1A0-45FC-B070-7DF630E81810}.Release|x64.Build.0 = Release|x64
		{491090C7-B1A0-45FC-B070-7DF630E81810}.Release|x86.ActiveCfg = Release|Win32
		{491090C7-B1A0-45FC-B070-7DF630E81810}.Release|x86.Build.0 = Release|Win32
	EndGlobalSection
	GlobalSection(SolutionProperties) = preSolution
		HideSolutionNode = FALSE
	EndGlobalSection
	GlobalSection(NestedProjects) = preSolution
		{B9069897-A40C-44EF-B492-A4A57F02A66E} = {E283841D-901F-4818-BBDD-9D8D131CA87F}
		{2ED28B74-D728-4617-9D13-D3282AC05E1D} = {B9069897-A40C-44EF-B492-A4A57F02A66E}
		{7F199E13-EB62-4E49-B645-9C7B27A353A2} = {2ED28B74-D728-4617-9D13-D3282AC05E1D}
		{1B60DFE3-551E-4804-A683-2151D125006B} = {E283841D-901F-4818-BBDD-9D8D131CA87F}
		{D3D1110D-96D0-4629-88B8-122C0256058C} = {9EF43AE3-914C-4137-9E5C-5E8F25EE95B1}
		{D3D1110B-96D0-4629-88B8-122C0256058C} = {9EF43AE3-914C-4137-9E5C-5E8F25EE95B1}
		{F539FF19-C75A-40BE-B2F9-830095BE6104} = {9EF43AE3-914C-4137-9E5C-5E8F25EE95B1}
		{1D679AC0-846C-4161-85C6-D1CEAD4C2A59} = {9EF43AE3-914C-4137-9E5C-5E8F25EE95B1}
		{E530C46A-AD2F-4DE2-A300-880665D8724A} = {9EF43AE3-914C-4137-9E5C-5E8F25EE95B1}
		{710E122E-24E1-4923-B969-2545D98B671A} = {9EF43AE3-914C-4137-9E5C-5E8F25EE95B1}
		{8AF1FE74-19BE-49B8-834A-8E184742DA0F} = {710E122E-24E1-4923-B969-2545D98B671A}
		{2F3B1EE9-08E8-480F-8AC0-42C20D210B14} = {710E122E-24E1-4923-B969-2545D98B671A}
		{491090C7-B1A0-45FC-B070-7DF630E81810} = {710E122E-24E1-4923-B969-2545D98B671A}
	EndGlobalSection
	GlobalSection(ExtensibilityGlobals) = postSolution
		SolutionGuid = {4AC87BF1-50E2-4925-812E-EB80D7CB72D5}
	EndGlobalSection
EndGlobal
