<?xml version="1.0" encoding="utf-8"?>
<Project ToolsVersion="4.0" xmlns="http://schemas.microsoft.com/developer/msbuild/2003">
  <ItemGroup>
    <Filter Include="OpenCL">
      <UniqueIdentifier>{73a883eb-a90c-4b4b-a977-076eae54d548}</UniqueIdentifier>
    </Filter>
    <Filter Include="GLSL">
      <UniqueIdentifier>{8573febd-9b97-455d-9059-93694fef134d}</UniqueIdentifier>
    </Filter>
    <Filter Include="HLSL">
      <UniqueIdentifier>{d5f1210a-b9a5-4c62-9801-53ab90425eff}</UniqueIdentifier>
    </Filter>
    <Filter Include="Common">
      <UniqueIdentifier>{a6d9d319-3ee8-4d19-a1e3-6e7078a52388}</UniqueIdentifier>
    </Filter>
  </ItemGroup>
  <ItemGroup>
    <ClInclude Include="opencl_support.h">
      <Filter>OpenCL</Filter>
    </ClInclude>
    <ClInclude Include="opencl_types.h">
      <Filter>OpenCL</Filter>
    </ClInclude>
    <ClInclude Include="glsl_include.h">
      <Filter>GLSL</Filter>
    </ClInclude>
    <ClInclude Include="hlsl_include.h">
      <Filter>HLSL</Filter>
    </ClInclude>
    <ClInclude Include="Engine.h">
      <Filter>HLSL</Filter>
    </ClInclude>
    <ClInclude Include="cpp_include.h">
      <Filter>Common</Filter>
    </ClInclude>
    <ClInclude Include="OpenCLEngine.h">
      <Filter>OpenCL</Filter>
    </ClInclude>
    <ClInclude Include="CpuTimeMeasurement.h">
      <Filter>Common</Filter>
    </ClInclude>
    <ClInclude Include="threadsafe_queue.h">
      <Filter>Common</Filter>
    </ClInclude>
    <ClInclude Include="texture_2d.h">
      <Filter>Common</Filter>
    </ClInclude>
    <ClInclude Include="thread_pool.h">
      <Filter>Common</Filter>
    </ClInclude>
    <ClInclude Include="Barrier.h">
      <Filter>Common</Filter>
    </ClInclude>
    <ClInclude Include="shader_types.h">
      <Filter>Common</Filter>
    </ClInclude>
    <ClInclude Include="shaderator.h">
      <Filter>Common</Filter>
    </ClInclude>
    <ClInclude Include="thread_joiner.h">
      <Filter>Common</Filter>
    </ClInclude>
  </ItemGroup>
  <ItemGroup>
    <ClCompile Include="opencl_support.cpp">
      <Filter>OpenCL</Filter>
    </ClCompile>
    <ClCompile Include="Engine.cpp">
      <Filter>HLSL</Filter>
    </ClCompile>
    <ClCompile Include="cpp_functions.cpp">
      <Filter>Common</Filter>
    </ClCompile>
    <ClCompile Include="CpuTimeMeasurement.cpp">
      <Filter>Common</Filter>
    </ClCompile>
    <ClCompile Include="texture_2d.cpp">
      <Filter>Common</Filter>
    </ClCompile>
  </ItemGroup>
</Project>