<?xml version="1.0" encoding="utf-8"?>
<Project ToolsVersion="4.0" xmlns="http://schemas.microsoft.com/developer/msbuild/2003">
  <ItemGroup>
    <None Include="packages.config" />
    <None Include="ray_tracer.glsl">
      <Filter>GLSL Shaders</Filter>
    </None>
    <None Include="sample_shader.glsl">
      <Filter>GLSL Shaders</Filter>
    </None>
  </ItemGroup>
  <ItemGroup>
    <Filter Include="GLSL Shaders">
      <UniqueIdentifier>{553ad4db-897d-46fb-a0b9-312e0e4d8268}</UniqueIdentifier>
    </Filter>
  </ItemGroup>
  <ItemGroup>
    <ClCompile Include="ray_tracer_tests.cpp" />
  </ItemGroup>
</Project>